
Microsoft Visual Studio Solution File, Format Version 12.00
# Visual Studio Version 17
VisualStudioVersion = 17.14.36811.4
MinimumVisualStudioVersion = 10.0.40219.1
Project("{FAE04EC0-301F-11D3-BF4B-00C04F79EFBC}") = "JMayer.Example.ASPVanillaMVC", "JMayer.Example.ASPVanillaMVC\JMayer.Example.ASPVanillaMVC.csproj", "{51C71534-FED5-47AC-A2CD-1D7078344972}"
EndProject
Project("{FAE04EC0-301F-11D3-BF4B-00C04F79EFBC}") = "TestProject", "TestProject\TestProject.csproj", "{432E7FD2-26B4-4462-B8B7-388C6D1B3785}"
EndProject
Project("{FAE04EC0-301F-11D3-BF4B-00C04F79EFBC}") = "JMayer.Data", "..\JMayer-Data-Library\JMayer.Data\JMayer.Data.csproj", "{5E2E9979-417E-9AC0-DE5B-ED439D651066}"
EndProject
Project("{FAE04EC0-301F-11D3-BF4B-00C04F79EFBC}") = "JMayer.Web.Mvc", "..\JMayer-Web-Mvc-Library\JMayer.Web.Mvc\JMayer.Web.Mvc.csproj", "{185EFF51-282E-8F0A-7CE5-41B2029C51D3}"
EndProject
Global
	GlobalSection(SolutionConfigurationPlatforms) = preSolution
		Debug|Any CPU = Debug|Any CPU
		Release|Any CPU = Release|Any CPU
	EndGlobalSection
	GlobalSection(ProjectConfigurationPlatforms) = postSolution
		{51C71534-FED5-47AC-A2CD-1D7078344972}.Debug|Any CPU.ActiveCfg = Debug|Any CPU
		{51C71534-FED5-47AC-A2CD-1D7078344972}.Debug|Any CPU.Build.0 = Debug|Any CPU
		{51C71534-FED5-47AC-A2CD-1D7078344972}.Release|Any CPU.ActiveCfg = Release|Any CPU
		{51C71534-FED5-47AC-A2CD-1D7078344972}.Release|Any CPU.Build.0 = Release|Any CPU
		{432E7FD2-26B4-4462-B8B7-388C6D1B3785}.Debug|Any CPU.ActiveCfg = Debug|Any CPU
		{432E7FD2-26B4-4462-B8B7-388C6D1B3785}.Debug|Any CPU.Build.0 = Debug|Any CPU
		{432E7FD2-26B4-4462-B8B7-388C6D1B3785}.Release|Any CPU.ActiveCfg = Release|Any CPU
		{432E7FD2-26B4-4462-B8B7-388C6D1B3785}.Release|Any CPU.Build.0 = Release|Any CPU
		{5E2E9979-417E-9AC0-DE5B-ED439D651066}.Debug|Any CPU.ActiveCfg = Debug|Any CPU
		{5E2E9979-417E-9AC0-DE5B-ED439D651066}.Debug|Any CPU.Build.0 = Debug|Any CPU
		{5E2E9979-417E-9AC0-DE5B-ED439D651066}.Release|Any CPU.ActiveCfg = Release|Any CPU
		{5E2E9979-417E-9AC0-DE5B-ED439D651066}.Release|Any CPU.Build.0 = Release|Any CPU
		{185EFF51-282E-8F0A-7CE5-41B2029C51D3}.Debug|Any CPU.ActiveCfg = Debug|Any CPU
		{185EFF51-282E-8F0A-7CE5-41B2029C51D3}.Debug|Any CPU.Build.0 = Debug|Any CPU
		{185EFF51-282E-8F0A-7CE5-41B2029C51D3}.Release|Any CPU.ActiveCfg = Release|Any CPU
		{185EFF51-282E-8F0A-7CE5-41B2029C51D3}.Release|Any CPU.Build.0 = Release|Any CPU
	EndGlobalSection
	GlobalSection(SolutionProperties) = preSolution
		HideSolutionNode = FALSE
	EndGlobalSection
	GlobalSection(ExtensibilityGlobals) = postSolution
		SolutionGuid = {125E175C-184D-4326-84F9-58BEC5D2EE78}
	EndGlobalSection
EndGlobal
